// !$*UTF8*$!
{
	archiveVersion = 1;
	classes = {
	};
	objectVersion = 50;
	objects = {

/* Begin PBXBuildFile section */
		190AF13322855BB6008DEC98 /* Camera.cpp in Sources */ = {isa = PBXBuildFile; fileRef = 190AF13222855BB6008DEC98 /* Camera.cpp */; };
		190AF136228563FB008DEC98 /* Triangle.cpp in Sources */ = {isa = PBXBuildFile; fileRef = 190AF134228563FB008DEC98 /* Triangle.cpp */; };
		1940360522877E4C00A8604B /* Light.cpp in Sources */ = {isa = PBXBuildFile; fileRef = 1940360322877E4C00A8604B /* Light.cpp */; };
		1956B78522867A0C00707BCF /* Plane.cpp in Sources */ = {isa = PBXBuildFile; fileRef = 1956B78422867A0C00707BCF /* Plane.cpp */; };
		197D3E58228521BA0056FA6F /* libX11.6.dylib in Frameworks */ = {isa = PBXBuildFile; fileRef = 197D3E57228521BA0056FA6F /* libX11.6.dylib */; };
		197D3E5A228521EB0056FA6F /* Main.cpp in Sources */ = {isa = PBXBuildFile; fileRef = 197D3E59228521EB0056FA6F /* Main.cpp */; };
		197DD0B2228504AF004DACDE /* RayTracer.cpp in Sources */ = {isa = PBXBuildFile; fileRef = 197DD09F228504AF004DACDE /* RayTracer.cpp */; };
		197DD0B3228504AF004DACDE /* Intersection.cpp in Sources */ = {isa = PBXBuildFile; fileRef = 197DD0A2228504AF004DACDE /* Intersection.cpp */; };
		197DD0B4228504AF004DACDE /* Object.cpp in Sources */ = {isa = PBXBuildFile; fileRef = 197DD0A5228504AF004DACDE /* Object.cpp */; };
		197DD0B5228504AF004DACDE /* Ray.cpp in Sources */ = {isa = PBXBuildFile; fileRef = 197DD0A6228504AF004DACDE /* Ray.cpp */; };
		197DD0B6228504AF004DACDE /* Sphere.cpp in Sources */ = {isa = PBXBuildFile; fileRef = 197DD0A9228504AF004DACDE /* Sphere.cpp */; };
		197DD0B7228504AF004DACDE /* Math.cpp in Sources */ = {isa = PBXBuildFile; fileRef = 197DD0AB228504AF004DACDE /* Math.cpp */; };
		197DD0B8228504AF004DACDE /* Vector.cpp in Sources */ = {isa = PBXBuildFile; fileRef = 197DD0AD228504AF004DACDE /* Vector.cpp */; };
/* End PBXBuildFile section */

/* Begin PBXCopyFilesBuildPhase section */
		194B6BC32285047E0028904C /* CopyFiles */ = {
			isa = PBXCopyFilesBuildPhase;
			buildActionMask = 2147483647;
			dstPath = /usr/share/man/man1/;
			dstSubfolderSpec = 0;
			files = (
			);
			runOnlyForDeploymentPostprocessing = 1;
		};
/* End PBXCopyFilesBuildPhase section */

/* Begin PBXFileReference section */
		190AF13122855BB6008DEC98 /* Camera.h */ = {isa = PBXFileReference; fileEncoding = 4; lastKnownFileType = sourcecode.c.h; path = Camera.h; sourceTree = "<group>"; };
		190AF13222855BB6008DEC98 /* Camera.cpp */ = {isa = PBXFileReference; fileEncoding = 4; lastKnownFileType = sourcecode.cpp.cpp; path = Camera.cpp; sourceTree = "<group>"; };
		190AF134228563FB008DEC98 /* Triangle.cpp */ = {isa = PBXFileReference; fileEncoding = 4; lastKnownFileType = sourcecode.cpp.cpp; path = Triangle.cpp; sourceTree = "<group>"; };
		190AF135228563FB008DEC98 /* Triangle.h */ = {isa = PBXFileReference; fileEncoding = 4; lastKnownFileType = sourcecode.c.h; path = Triangle.h; sourceTree = "<group>"; };
		1940360322877E4C00A8604B /* Light.cpp */ = {isa = PBXFileReference; fileEncoding = 4; lastKnownFileType = sourcecode.cpp.cpp; path = Light.cpp; sourceTree = "<group>"; };
		1940360422877E4C00A8604B /* Light.h */ = {isa = PBXFileReference; fileEncoding = 4; lastKnownFileType = sourcecode.c.h; path = Light.h; sourceTree = "<group>"; };
		194B6BC52285047E0028904C /* Ray-Tracer */ = {isa = PBXFileReference; explicitFileType = "compiled.mach-o.executable"; includeInIndex = 0; path = "Ray-Tracer"; sourceTree = BUILT_PRODUCTS_DIR; };
		1956B78322867A0C00707BCF /* Plane.h */ = {isa = PBXFileReference; fileEncoding = 4; lastKnownFileType = sourcecode.c.h; path = Plane.h; sourceTree = "<group>"; };
		1956B78422867A0C00707BCF /* Plane.cpp */ = {isa = PBXFileReference; fileEncoding = 4; lastKnownFileType = sourcecode.cpp.cpp; path = Plane.cpp; sourceTree = "<group>"; };
		197D3E57228521BA0056FA6F /* libX11.6.dylib */ = {isa = PBXFileReference; lastKnownFileType = "compiled.mach-o.dylib"; name = libX11.6.dylib; path = ../../../../../../../opt/X11/lib/libX11.6.dylib; sourceTree = "<group>"; };
		197D3E59228521EB0056FA6F /* Main.cpp */ = {isa = PBXFileReference; fileEncoding = 4; lastKnownFileType = sourcecode.cpp.cpp; path = Main.cpp; sourceTree = "<group>"; };
		197DD09F228504AF004DACDE /* RayTracer.cpp */ = {isa = PBXFileReference; fileEncoding = 4; indentWidth = 4; lastKnownFileType = sourcecode.cpp.cpp; path = RayTracer.cpp; sourceTree = "<group>"; };
		197DD0A0228504AF004DACDE /* CImg.h */ = {isa = PBXFileReference; fileEncoding = 4; lastKnownFileType = sourcecode.c.h; path = CImg.h; sourceTree = "<group>"; };
		197DD0A2228504AF004DACDE /* Intersection.cpp */ = {isa = PBXFileReference; fileEncoding = 4; lastKnownFileType = sourcecode.cpp.cpp; path = Intersection.cpp; sourceTree = "<group>"; };
		197DD0A3228504AF004DACDE /* Intersection.h */ = {isa = PBXFileReference; fileEncoding = 4; lastKnownFileType = sourcecode.c.h; path = Intersection.h; sourceTree = "<group>"; };
		197DD0A4228504AF004DACDE /* Sphere.h */ = {isa = PBXFileReference; fileEncoding = 4; lastKnownFileType = sourcecode.c.h; path = Sphere.h; sourceTree = "<group>"; };
		197DD0A5228504AF004DACDE /* Object.cpp */ = {isa = PBXFileReference; fileEncoding = 4; lastKnownFileType = sourcecode.cpp.cpp; path = Object.cpp; sourceTree = "<group>"; };
		197DD0A6228504AF004DACDE /* Ray.cpp */ = {isa = PBXFileReference; fileEncoding = 4; lastKnownFileType = sourcecode.cpp.cpp; path = Ray.cpp; sourceTree = "<group>"; };
		197DD0A7228504AF004DACDE /* Ray.h */ = {isa = PBXFileReference; fileEncoding = 4; lastKnownFileType = sourcecode.c.h; path = Ray.h; sourceTree = "<group>"; };
		197DD0A8228504AF004DACDE /* Object.h */ = {isa = PBXFileReference; fileEncoding = 4; lastKnownFileType = sourcecode.c.h; path = Object.h; sourceTree = "<group>"; };
		197DD0A9228504AF004DACDE /* Sphere.cpp */ = {isa = PBXFileReference; fileEncoding = 4; lastKnownFileType = sourcecode.cpp.cpp; path = Sphere.cpp; sourceTree = "<group>"; };
		197DD0AB228504AF004DACDE /* Math.cpp */ = {isa = PBXFileReference; fileEncoding = 4; lastKnownFileType = sourcecode.cpp.cpp; path = Math.cpp; sourceTree = "<group>"; };
		197DD0AD228504AF004DACDE /* Vector.cpp */ = {isa = PBXFileReference; fileEncoding = 4; lastKnownFileType = sourcecode.cpp.cpp; path = Vector.cpp; sourceTree = "<group>"; };
		197DD0AF228504AF004DACDE /* Math.h */ = {isa = PBXFileReference; fileEncoding = 4; lastKnownFileType = sourcecode.c.h; path = Math.h; sourceTree = "<group>"; };
		197DD0B0228504AF004DACDE /* Vector.h */ = {isa = PBXFileReference; fileEncoding = 4; lastKnownFileType = sourcecode.c.h; path = Vector.h; sourceTree = "<group>"; };
		197DD0B1228504AF004DACDE /* RayTracer.h */ = {isa = PBXFileReference; fileEncoding = 4; lastKnownFileType = sourcecode.c.h; path = RayTracer.h; sourceTree = "<group>"; };
		19A9E9EB22851E4D0012E101 /* Quartz.framework */ = {isa = PBXFileReference; lastKnownFileType = wrapper.framework; name = Quartz.framework; path = System/Library/Frameworks/Quartz.framework; sourceTree = SDKROOT; };
		19A9E9ED22851E590012E101 /* QuartzCore.framework */ = {isa = PBXFileReference; lastKnownFileType = wrapper.framework; name = QuartzCore.framework; path = System/Library/Frameworks/QuartzCore.framework; sourceTree = SDKROOT; };
/* End PBXFileReference section */

/* Begin PBXFrameworksBuildPhase section */
		194B6BC22285047E0028904C /* Frameworks */ = {
			isa = PBXFrameworksBuildPhase;
			buildActionMask = 2147483647;
			files = (
				197D3E58228521BA0056FA6F /* libX11.6.dylib in Frameworks */,
			);
			runOnlyForDeploymentPostprocessing = 0;
		};
/* End PBXFrameworksBuildPhase section */

/* Begin PBXGroup section */
		194B6BBC2285047E0028904C = {
			isa = PBXGroup;
			children = (
				197DD09E228504AF004DACDE /* Src */,
				194B6BC62285047E0028904C /* Products */,
				19A9E9EA22851E4D0012E101 /* Frameworks */,
			);
			sourceTree = "<group>";
		};
		194B6BC62285047E0028904C /* Products */ = {
			isa = PBXGroup;
			children = (
				194B6BC52285047E0028904C /* Ray-Tracer */,
			);
			name = Products;
			sourceTree = "<group>";
		};
		197DD09E228504AF004DACDE /* Src */ = {
			isa = PBXGroup;
			children = (
				197D3E59228521EB0056FA6F /* Main.cpp */,
				197DD0A0228504AF004DACDE /* CImg.h */,
				197DD0B1228504AF004DACDE /* RayTracer.h */,
				197DD09F228504AF004DACDE /* RayTracer.cpp */,
				197DD0A1228504AF004DACDE /* Objects */,
				197DD0AA228504AF004DACDE /* Math */,
			);
			name = Src;
			path = ../Src;
			sourceTree = "<group>";
		};
		197DD0A1228504AF004DACDE /* Objects */ = {
			isa = PBXGroup;
			children = (
				190AF13122855BB6008DEC98 /* Camera.h */,
				190AF13222855BB6008DEC98 /* Camera.cpp */,
				1940360422877E4C00A8604B /* Light.h */,
				1940360322877E4C00A8604B /* Light.cpp */,
				197DD0A7228504AF004DACDE /* Ray.h */,
				197DD0A6228504AF004DACDE /* Ray.cpp */,
				197DD0A3228504AF004DACDE /* Intersection.h */,
				197DD0A2228504AF004DACDE /* Intersection.cpp */,
				197DD0A8228504AF004DACDE /* Object.h */,
				197DD0A5228504AF004DACDE /* Object.cpp */,
				197DD0A4228504AF004DACDE /* Sphere.h */,
				197DD0A9228504AF004DACDE /* Sphere.cpp */,
				190AF135228563FB008DEC98 /* Triangle.h */,
				190AF134228563FB008DEC98 /* Triangle.cpp */,
				1956B78322867A0C00707BCF /* Plane.h */,
				1956B78422867A0C00707BCF /* Plane.cpp */,
			);
			path = Objects;
			sourceTree = "<group>";
		};
		197DD0AA228504AF004DACDE /* Math */ = {
			isa = PBXGroup;
			children = (
				197DD0AF228504AF004DACDE /* Math.h */,
				197DD0AB228504AF004DACDE /* Math.cpp */,
				197DD0B0228504AF004DACDE /* Vector.h */,
				197DD0AD228504AF004DACDE /* Vector.cpp */,
			);
			path = Math;
			sourceTree = "<group>";
		};
		19A9E9EA22851E4D0012E101 /* Frameworks */ = {
			isa = PBXGroup;
			children = (
				197D3E57228521BA0056FA6F /* libX11.6.dylib */,
				19A9E9ED22851E590012E101 /* QuartzCore.framework */,
				19A9E9EB22851E4D0012E101 /* Quartz.framework */,
			);
			name = Frameworks;
			sourceTree = "<group>";
		};
/* End PBXGroup section */

/* Begin PBXNativeTarget section */
		194B6BC42285047E0028904C /* Ray-Tracer */ = {
			isa = PBXNativeTarget;
			buildConfigurationList = 194B6BCC2285047E0028904C /* Build configuration list for PBXNativeTarget "Ray-Tracer" */;
			buildPhases = (
				194B6BC12285047E0028904C /* Sources */,
				194B6BC22285047E0028904C /* Frameworks */,
				194B6BC32285047E0028904C /* CopyFiles */,
			);
			buildRules = (
			);
			dependencies = (
			);
			name = "Ray-Tracer";
			productName = "Ray-Tracer";
			productReference = 194B6BC52285047E0028904C /* Ray-Tracer */;
			productType = "com.apple.product-type.tool";
		};
/* End PBXNativeTarget section */

/* Begin PBXProject section */
		194B6BBD2285047E0028904C /* Project object */ = {
			isa = PBXProject;
			attributes = {
				LastUpgradeCheck = 1020;
				ORGANIZATIONNAME = wut;
				TargetAttributes = {
					194B6BC42285047E0028904C = {
						CreatedOnToolsVersion = 10.2.1;
					};
				};
			};
			buildConfigurationList = 194B6BC02285047E0028904C /* Build configuration list for PBXProject "Ray-Tracer" */;
			compatibilityVersion = "Xcode 9.3";
			developmentRegion = en;
			hasScannedForEncodings = 0;
			knownRegions = (
				en,
			);
			mainGroup = 194B6BBC2285047E0028904C;
			productRefGroup = 194B6BC62285047E0028904C /* Products */;
			projectDirPath = "";
			projectRoot = "";
			targets = (
				194B6BC42285047E0028904C /* Ray-Tracer */,
			);
		};
/* End PBXProject section */

/* Begin PBXSourcesBuildPhase section */
		194B6BC12285047E0028904C /* Sources */ = {
			isa = PBXSourcesBuildPhase;
			buildActionMask = 2147483647;
			files = (
				197D3E5A228521EB0056FA6F /* Main.cpp in Sources */,
				190AF13322855BB6008DEC98 /* Camera.cpp in Sources */,
				197DD0B5228504AF004DACDE /* Ray.cpp in Sources */,
				197DD0B8228504AF004DACDE /* Vector.cpp in Sources */,
				190AF136228563FB008DEC98 /* Triangle.cpp in Sources */,
				1956B78522867A0C00707BCF /* Plane.cpp in Sources */,
				1940360522877E4C00A8604B /* Light.cpp in Sources */,
				197DD0B3228504AF004DACDE /* Intersection.cpp in Sources */,
				197DD0B2228504AF004DACDE /* RayTracer.cpp in Sources */,
				197DD0B7228504AF004DACDE /* Math.cpp in Sources */,
				197DD0B6228504AF004DACDE /* Sphere.cpp in Sources */,
				197DD0B4228504AF004DACDE /* Object.cpp in Sources */,
			);
			runOnlyForDeploymentPostprocessing = 0;
		};
/* End PBXSourcesBuildPhase section */

/* Begin XCBuildConfiguration section */
		194B6BCA2285047E0028904C /* Debug */ = {
			isa = XCBuildConfiguration;
			buildSettings = {
				ALWAYS_SEARCH_USER_PATHS = NO;
				CLANG_ANALYZER_NONNULL = YES;
				CLANG_ANALYZER_NUMBER_OBJECT_CONVERSION = YES_AGGRESSIVE;
				CLANG_CXX_LANGUAGE_STANDARD = "gnu++14";
				CLANG_CXX_LIBRARY = "libc++";
				CLANG_ENABLE_MODULES = YES;
				CLANG_ENABLE_OBJC_ARC = YES;
				CLANG_ENABLE_OBJC_WEAK = YES;
				CLANG_WARN_BLOCK_CAPTURE_AUTORELEASING = YES;
				CLANG_WARN_BOOL_CONVERSION = YES;
				CLANG_WARN_COMMA = YES;
				CLANG_WARN_CONSTANT_CONVERSION = YES;
				CLANG_WARN_DEPRECATED_OBJC_IMPLEMENTATIONS = YES;
				CLANG_WARN_DIRECT_OBJC_ISA_USAGE = YES_ERROR;
				CLANG_WARN_DOCUMENTATION_COMMENTS = YES;
				CLANG_WARN_EMPTY_BODY = YES;
				CLANG_WARN_ENUM_CONVERSION = YES;
				CLANG_WARN_INFINITE_RECURSION = YES;
				CLANG_WARN_INT_CONVERSION = YES;
				CLANG_WARN_NON_LITERAL_NULL_CONVERSION = YES;
				CLANG_WARN_OBJC_IMPLICIT_RETAIN_SELF = YES;
				CLANG_WARN_OBJC_LITERAL_CONVERSION = YES;
				CLANG_WARN_OBJC_ROOT_CLASS = YES_ERROR;
				CLANG_WARN_RANGE_LOOP_ANALYSIS = YES;
				CLANG_WARN_STRICT_PROTOTYPES = YES;
				CLANG_WARN_SUSPICIOUS_MOVE = YES;
				CLANG_WARN_UNGUARDED_AVAILABILITY = YES_AGGRESSIVE;
				CLANG_WARN_UNREACHABLE_CODE = YES;
				CLANG_WARN__DUPLICATE_METHOD_MATCH = YES;
				CODE_SIGN_IDENTITY = "-";
				COPY_PHASE_STRIP = NO;
				DEBUG_INFORMATION_FORMAT = dwarf;
				ENABLE_STRICT_OBJC_MSGSEND = YES;
				ENABLE_TESTABILITY = YES;
				GCC_C_LANGUAGE_STANDARD = gnu11;
				GCC_DYNAMIC_NO_PIC = NO;
				GCC_NO_COMMON_BLOCKS = YES;
				GCC_OPTIMIZATION_LEVEL = 0;
				GCC_PREPROCESSOR_DEFINITIONS = (
					"DEBUG=1",
					"$(inherited)",
				);
				GCC_WARN_64_TO_32_BIT_CONVERSION = YES;
				GCC_WARN_ABOUT_RETURN_TYPE = YES_ERROR;
				GCC_WARN_UNDECLARED_SELECTOR = YES;
				GCC_WARN_UNINITIALIZED_AUTOS = YES_AGGRESSIVE;
				GCC_WARN_UNUSED_FUNCTION = YES;
				GCC_WARN_UNUSED_VARIABLE = YES;
				HEADER_SEARCH_PATHS = /opt/X11/include;
				MACOSX_DEPLOYMENT_TARGET = 10.14;
				MTL_ENABLE_DEBUG_INFO = INCLUDE_SOURCE;
				MTL_FAST_MATH = YES;
				ONLY_ACTIVE_ARCH = YES;
				SDKROOT = macosx;
			};
			name = Debug;
		};
		194B6BCB2285047E0028904C /* Release */ = {
			isa = XCBuildConfiguration;
			buildSettings = {
				ALWAYS_SEARCH_USER_PATHS = NO;
				CLANG_ANALYZER_NONNULL = YES;
				CLANG_ANALYZER_NUMBER_OBJECT_CONVERSION = YES_AGGRESSIVE;
				CLANG_CXX_LANGUAGE_STANDARD = "gnu++14";
				CLANG_CXX_LIBRARY = "libc++";
				CLANG_ENABLE_MODULES = YES;
				CLANG_ENABLE_OBJC_ARC = YES;
				CLANG_ENABLE_OBJC_WEAK = YES;
				CLANG_WARN_BLOCK_CAPTURE_AUTORELEASING = YES;
				CLANG_WARN_BOOL_CONVERSION = YES;
				CLANG_WARN_COMMA = YES;
				CLANG_WARN_CONSTANT_CONVERSION = YES;
				CLANG_WARN_DEPRECATED_OBJC_IMPLEMENTATIONS = YES;
				CLANG_WARN_DIRECT_OBJC_ISA_USAGE = YES_ERROR;
				CLANG_WARN_DOCUMENTATION_COMMENTS = YES;
				CLANG_WARN_EMPTY_BODY = YES;
				CLANG_WARN_ENUM_CONVERSION = YES;
				CLANG_WARN_INFINITE_RECURSION = YES;
				CLANG_WARN_INT_CONVERSION = YES;
				CLANG_WARN_NON_LITERAL_NULL_CONVERSION = YES;
				CLANG_WARN_OBJC_IMPLICIT_RETAIN_SELF = YES;
				CLANG_WARN_OBJC_LITERAL_CONVERSION = YES;
				CLANG_WARN_OBJC_ROOT_CLASS = YES_ERROR;
				CLANG_WARN_RANGE_LOOP_ANALYSIS = YES;
				CLANG_WARN_STRICT_PROTOTYPES = YES;
				CLANG_WARN_SUSPICIOUS_MOVE = YES;
				CLANG_WARN_UNGUARDED_AVAILABILITY = YES_AGGRESSIVE;
				CLANG_WARN_UNREACHABLE_CODE = YES;
				CLANG_WARN__DUPLICATE_METHOD_MATCH = YES;
				CODE_SIGN_IDENTITY = "-";
				COPY_PHASE_STRIP = NO;
				DEBUG_INFORMATION_FORMAT = "dwarf-with-dsym";
				ENABLE_NS_ASSERTIONS = NO;
				ENABLE_STRICT_OBJC_MSGSEND = YES;
				GCC_C_LANGUAGE_STANDARD = gnu11;
				GCC_NO_COMMON_BLOCKS = YES;
				GCC_WARN_64_TO_32_BIT_CONVERSION = YES;
				GCC_WARN_ABOUT_RETURN_TYPE = YES_ERROR;
				GCC_WARN_UNDECLARED_SELECTOR = YES;
				GCC_WARN_UNINITIALIZED_AUTOS = YES_AGGRESSIVE;
				GCC_WARN_UNUSED_FUNCTION = YES;
				GCC_WARN_UNUSED_VARIABLE = YES;
				HEADER_SEARCH_PATHS = /opt/X11/include;
				MACOSX_DEPLOYMENT_TARGET = 10.14;
				MTL_ENABLE_DEBUG_INFO = NO;
				MTL_FAST_MATH = YES;
				SDKROOT = macosx;
			};
			name = Release;
		};
		194B6BCD2285047E0028904C /* Debug */ = {
			isa = XCBuildConfiguration;
			buildSettings = {
				CODE_SIGN_STYLE = Automatic;
				HEADER_SEARCH_PATHS = /opt/X11/include;
				LIBRARY_SEARCH_PATHS = (
					"$(inherited)",
					/opt/X11/lib,
				);
				PRODUCT_NAME = "$(TARGET_NAME)";
			};
			name = Debug;
		};
		194B6BCE2285047E0028904C /* Release */ = {
			isa = XCBuildConfiguration;
			buildSettings = {
				CODE_SIGN_STYLE = Automatic;
				HEADER_SEARCH_PATHS = /opt/X11/include;
				LIBRARY_SEARCH_PATHS = (
					"$(inherited)",
					/opt/X11/lib,
				);
				PRODUCT_NAME = "$(TARGET_NAME)";
			};
			name = Release;
		};
/* End XCBuildConfiguration section */

/* Begin XCConfigurationList section */
		194B6BC02285047E0028904C /* Build configuration list for PBXProject "Ray-Tracer" */ = {
			isa = XCConfigurationList;
			buildConfigurations = (
				194B6BCA2285047E0028904C /* Debug */,
				194B6BCB2285047E0028904C /* Release */,
			);
			defaultConfigurationIsVisible = 0;
			defaultConfigurationName = Release;
		};
		194B6BCC2285047E0028904C /* Build configuration list for PBXNativeTarget "Ray-Tracer" */ = {
			isa = XCConfigurationList;
			buildConfigurations = (
				194B6BCD2285047E0028904C /* Debug */,
				194B6BCE2285047E0028904C /* Release */,
			);
			defaultConfigurationIsVisible = 0;
			defaultConfigurationName = Release;
		};
/* End XCConfigurationList section */
	};
	rootObject = 194B6BBD2285047E0028904C /* Project object */;
}
